
Microsoft Visual Studio Solution File, Format Version 12.00
# Visual Studio Version 17
VisualStudioVersion = 17.4.33122.133
MinimumVisualStudioVersion = 10.0.40219.1
Project("{FAE04EC0-301F-11D3-BF4B-00C04F79EFBC}") = "EventZone", "EventZone\EventZone.csproj", "{13DEE837-1AC7-4A71-B88A-C298254F7E69}"
EndProject
Global
	GlobalSection(SolutionConfigurationPlatforms) = preSolution
		Debug|Any CPU = Debug|Any CPU
		Release|Any CPU = Release|Any CPU
	EndGlobalSection
	GlobalSection(ProjectConfigurationPlatforms) = postSolution
		{13DEE837-1AC7-4A71-B88A-C298254F7E69}.Debug|Any CPU.ActiveCfg = Debug|Any CPU
		{13DEE837-1AC7-4A71-B88A-C298254F7E69}.Debug|Any CPU.Build.0 = Debug|Any CPU
		{13DEE837-1AC7-4A71-B88A-C298254F7E69}.Release|Any CPU.ActiveCfg = Release|Any CPU
		{13DEE837-1AC7-4A71-B88A-C298254F7E69}.Release|Any CPU.Build.0 = Release|Any CPU
	EndGlobalSection
	GlobalSection(SolutionProperties) = preSolution
		HideSolutionNode = FALSE
	EndGlobalSection
	GlobalSection(ExtensibilityGlobals) = postSolution
		SolutionGuid = {0290BAB8-5F12-4D9B-A687-A1CA55C62015}
	EndGlobalSection
EndGlobal
